
Microsoft Visual Studio Solution File, Format Version 12.00
# Visual Studio Version 16
VisualStudioVersion = 16.0.30413.136
MinimumVisualStudioVersion = 10.0.40219.1
Project("{8BC9CEB8-8B4A-11D0-8D11-00A0C91BC942}") = "lab1", "lab1\lab1.vcxproj", "{BA8AD41D-3B7E-47F3-AB51-28A8A6803778}"
EndProject
Global
	GlobalSection(SolutionConfigurationPlatforms) = preSolution
		Debug|x64 = Debug|x64
		Debug|x86 = Debug|x86
		Release|x64 = Release|x64
		Release|x86 = Release|x86
	EndGlobalSection
	GlobalSection(ProjectConfigurationPlatforms) = postSolution
		{BA8AD41D-3B7E-47F3-AB51-28A8A6803778}.Debug|x64.ActiveCfg = Debug|x64
		{BA8AD41D-3B7E-47F3-AB51-28A8A6803778}.Debug|x64.Build.0 = Debug|x64
		{BA8AD41D-3B7E-47F3-AB51-28A8A6803778}.Debug|x86.ActiveCfg = Debug|Win32
		{BA8AD41D-3B7E-47F3-AB51-28A8A6803778}.Debug|x86.Build.0 = Debug|Win32
		{BA8AD41D-3B7E-47F3-AB51-28A8A6803778}.Release|x64.ActiveCfg = Release|x64
		{BA8AD41D-3B7E-47F3-AB51-28A8A6803778}.Release|x64.Build.0 = Release|x64
		{BA8AD41D-3B7E-47F3-AB51-28A8A6803778}.Release|x86.ActiveCfg = Release|Win32
		{BA8AD41D-3B7E-47F3-AB51-28A8A6803778}.Release|x86.Build.0 = Release|Win32
	EndGlobalSection
	GlobalSection(SolutionProperties) = preSolution
		HideSolutionNode = FALSE
	EndGlobalSection
	GlobalSection(ExtensibilityGlobals) = postSolution
		SolutionGuid = {992088A0-0679-44A1-90FC-DA714A90F87F}
	EndGlobalSection
EndGlobal
